
Microsoft Visual Studio Solution File, Format Version 12.00
# Visual Studio 15
VisualStudioVersion = 15.0.27703.2026
MinimumVisualStudioVersion = 10.0.40219.1
Project("{6EC3EE1D-3C4E-46DD-8F32-0CC8E7565705}") = "PathsByType", "PathsByType\PathsByType.fsproj", "{2E02C970-709D-4DE8-B7DB-6A8B6C5A24BC}"
EndProject
Project("{F2A71F9B-5D33-465A-A702-920D77279786}") = "HttpTests", "HttpTests\HttpTests.fsproj", "{6B7EF706-70E8-4B32-BEAB-48A8353DA2AB}"
EndProject
Global
	GlobalSection(SolutionConfigurationPlatforms) = preSolution
		Debug|Any CPU = Debug|Any CPU
		Release|Any CPU = Release|Any CPU
	EndGlobalSection
	GlobalSection(ProjectConfigurationPlatforms) = postSolution
		{2E02C970-709D-4DE8-B7DB-6A8B6C5A24BC}.Debug|Any CPU.ActiveCfg = Debug|Any CPU
		{2E02C970-709D-4DE8-B7DB-6A8B6C5A24BC}.Debug|Any CPU.Build.0 = Debug|Any CPU
		{2E02C970-709D-4DE8-B7DB-6A8B6C5A24BC}.Release|Any CPU.ActiveCfg = Release|Any CPU
		{2E02C970-709D-4DE8-B7DB-6A8B6C5A24BC}.Release|Any CPU.Build.0 = Release|Any CPU
		{6B7EF706-70E8-4B32-BEAB-48A8353DA2AB}.Debug|Any CPU.ActiveCfg = Debug|Any CPU
		{6B7EF706-70E8-4B32-BEAB-48A8353DA2AB}.Debug|Any CPU.Build.0 = Debug|Any CPU
		{6B7EF706-70E8-4B32-BEAB-48A8353DA2AB}.Release|Any CPU.ActiveCfg = Release|Any CPU
		{6B7EF706-70E8-4B32-BEAB-48A8353DA2AB}.Release|Any CPU.Build.0 = Release|Any CPU
	EndGlobalSection
	GlobalSection(SolutionProperties) = preSolution
		HideSolutionNode = FALSE
	EndGlobalSection
	GlobalSection(ExtensibilityGlobals) = postSolution
		SolutionGuid = {C7B1886A-2D5E-468D-8CE4-06CD7939B1E6}
	EndGlobalSection
EndGlobal
